
Microsoft Visual Studio Solution File, Format Version 12.00
# Visual Studio Version 17
VisualStudioVersion = 17.4.33213.308
MinimumVisualStudioVersion = 10.0.40219.1
Project("{9A19103F-16F7-4668-BE54-9A1E7A4F7556}") = "TestProject", "TestProject1\TestProject.csproj", "{0672C82B-26D4-4332-8CC0-AD9FDB19E780}"
EndProject
Project("{FAE04EC0-301F-11D3-BF4B-00C04F79EFBC}") = "ClassLibrary", "ClassLibrary\ClassLibrary.csproj", "{8BBFF386-9A71-415F-B212-25E9463C7CC6}"
EndProject
Global
	GlobalSection(SolutionConfigurationPlatforms) = preSolution
		Debug|Any CPU = Debug|Any CPU
		Release|Any CPU = Release|Any CPU
	EndGlobalSection
	GlobalSection(ProjectConfigurationPlatforms) = postSolution
		{0672C82B-26D4-4332-8CC0-AD9FDB19E780}.Debug|Any CPU.ActiveCfg = Debug|Any CPU
		{0672C82B-26D4-4332-8CC0-AD9FDB19E780}.Debug|Any CPU.Build.0 = Debug|Any CPU
		{0672C82B-26D4-4332-8CC0-AD9FDB19E780}.Release|Any CPU.ActiveCfg = Release|Any CPU
		{0672C82B-26D4-4332-8CC0-AD9FDB19E780}.Release|Any CPU.Build.0 = Release|Any CPU
		{8BBFF386-9A71-415F-B212-25E9463C7CC6}.Debug|Any CPU.ActiveCfg = Debug|Any CPU
		{8BBFF386-9A71-415F-B212-25E9463C7CC6}.Debug|Any CPU.Build.0 = Debug|Any CPU
		{8BBFF386-9A71-415F-B212-25E9463C7CC6}.Release|Any CPU.ActiveCfg = Release|Any CPU
		{8BBFF386-9A71-415F-B212-25E9463C7CC6}.Release|Any CPU.Build.0 = Release|Any CPU
	EndGlobalSection
	GlobalSection(SolutionProperties) = preSolution
		HideSolutionNode = FALSE
	EndGlobalSection
	GlobalSection(ExtensibilityGlobals) = postSolution
		SolutionGuid = {A3B076AB-3718-403F-817A-6272FDC70929}
	EndGlobalSection
EndGlobal
